{
  "name": "pirate_app",
  "version": "1.0.0",
  "lockfileVersion": 3,
  "requires": true,
  "packages": {
    "": {
      "name": "pirate_app",
      "version": "1.0.0",
      "license": "ISC",
      "dependencies": {
        "my-private-package": "git+https://github.com/loftwah-demo/my-private-npm-package.git"
      }
    },
    "node_modules/my-private-package": {
      "name": "my-private-npm-package",
      "version": "1.0.0",
      "resolved": "git+ssh://git@github.com/loftwah-demo/my-private-npm-package.git#9496f54e6191c3d8dc3682a19531a794e08079cc",
      "license": "ISC"
    }
  }
}
